
Microsoft Visual Studio Solution File, Format Version 12.00
# Visual Studio Version 16
VisualStudioVersion = 16.0.28729.10
MinimumVisualStudioVersion = 10.0.40219.1
Project("{FAE04EC0-301F-11D3-BF4B-00C04F79EFBC}") = "EnFramework", "EnFramework\EnFramework.csproj", "{257947F2-78BD-464C-8A31-E5683E265F30}"
EndProject
Global
	GlobalSection(SolutionConfigurationPlatforms) = preSolution
		Debug|Any CPU = Debug|Any CPU
		Release|Any CPU = Release|Any CPU
	EndGlobalSection
	GlobalSection(ProjectConfigurationPlatforms) = postSolution
		{257947F2-78BD-464C-8A31-E5683E265F30}.Debug|Any CPU.ActiveCfg = Debug|Any CPU
		{257947F2-78BD-464C-8A31-E5683E265F30}.Debug|Any CPU.Build.0 = Debug|Any CPU
		{257947F2-78BD-464C-8A31-E5683E265F30}.Release|Any CPU.ActiveCfg = Release|Any CPU
		{257947F2-78BD-464C-8A31-E5683E265F30}.Release|Any CPU.Build.0 = Release|Any CPU
	EndGlobalSection
	GlobalSection(SolutionProperties) = preSolution
		HideSolutionNode = FALSE
	EndGlobalSection
	GlobalSection(ExtensibilityGlobals) = postSolution
		SolutionGuid = {1DB386E4-0932-4DF9-83B6-5206594138FF}
	EndGlobalSection
EndGlobal
